{
  "name": "master",
  "version": "1.0.0",
  "lockfileVersion": 2,
  "requires": true,
  "packages": {
    "": {
      "name": "master",
      "version": "1.0.0",
      "license": "ISC",
      "dependencies": {
        "@types/google-maps": "^3.2.3",
        "@withshepherd/faker": "^5.5.5",
        "axios": "^0.26.1"
      },
      "devDependencies": {
        "typescript": "^4.6.2"
      }
    },
    "node_modules/@types/google-maps": {
      "version": "3.2.3",
      "resolved": "https://registry.npmjs.org/@types/google-maps/-/google-maps-3.2.3.tgz",
      "integrity": "sha512-+GR/7sMvo2bENS26H4t2QqoCqE4FE5qhsG8aaDM9mJAlsorkLyaFdTQra8VkmS1RNE09fx9c1kac+GKG0RtA2A==",
      "dependencies": {
        "@types/google.maps": "*"
      }
    },
    "node_modules/@types/google.maps": {
      "version": "3.48.2",
      "resolved": "https://registry.npmjs.org/@types/google.maps/-/google.maps-3.48.2.tgz",
      "integrity": "sha512-ulxQ3eLy3s/l5KChx040FzsecC/2+JFWaF+FxGp628bJjqDL50vkzkRNEy1QlWOxHk5wKFfJvBonQrla/z82oA=="
    },
    "node_modules/@withshepherd/faker": {
      "version": "5.5.5",
      "resolved": "https://registry.npmjs.org/@withshepherd/faker/-/faker-5.5.5.tgz",
      "integrity": "sha512-JgWi87zb13lrQxBc4A5my60mrZhGFgB6ixaQ1Tz2CBt5eg/6FahQiDFouI/IAW3TtX/Xeoj23AsiehQaUYddcw=="
    },
    "node_modules/axios": {
      "version": "0.26.1",
      "resolved": "https://registry.npmjs.org/axios/-/axios-0.26.1.tgz",
      "integrity": "sha512-fPwcX4EvnSHuInCMItEhAGnaSEXRBjtzh9fOtsE6E1G6p7vl7edEeZe11QHf18+6+9gR5PbKV/sGKNaD8YaMeA==",
      "dependencies": {
        "follow-redirects": "^1.14.8"
      }
    },
    "node_modules/follow-redirects": {
      "version": "1.14.9",
      "resolved": "https://registry.npmjs.org/follow-redirects/-/follow-redirects-1.14.9.tgz",
      "integrity": "sha512-MQDfihBQYMcyy5dhRDJUHcw7lb2Pv/TuE6xP1vyraLukNDHKbDxDNaOE3NbCAdKQApno+GPRyo1YAp89yCjK4w==",
      "funding": [
        {
          "type": "individual",
          "url": "https://github.com/sponsors/RubenVerborgh"
        }
      ],
      "engines": {
        "node": ">=4.0"
      },
      "peerDependenciesMeta": {
        "debug": {
          "optional": true
        }
      }
    },
    "node_modules/typescript": {
      "version": "4.6.2",
      "resolved": "https://registry.npmjs.org/typescript/-/typescript-4.6.2.tgz",
      "integrity": "sha512-HM/hFigTBHZhLXshn9sN37H085+hQGeJHJ/X7LpBWLID/fbc2acUMfU+lGD98X81sKP+pFa9f0DZmCwB9GnbAg==",
      "dev": true,
      "bin": {
        "tsc": "bin/tsc",
        "tsserver": "bin/tsserver"
      },
      "engines": {
        "node": ">=4.2.0"
      }
    }
  },
  "dependencies": {
    "@types/google-maps": {
      "version": "3.2.3",
      "resolved": "https://registry.npmjs.org/@types/google-maps/-/google-maps-3.2.3.tgz",
      "integrity": "sha512-+GR/7sMvo2bENS26H4t2QqoCqE4FE5qhsG8aaDM9mJAlsorkLyaFdTQra8VkmS1RNE09fx9c1kac+GKG0RtA2A==",
      "requires": {
        "@types/google.maps": "*"
      }
    },
    "@types/google.maps": {
      "version": "3.48.2",
      "resolved": "https://registry.npmjs.org/@types/google.maps/-/google.maps-3.48.2.tgz",
      "integrity": "sha512-ulxQ3eLy3s/l5KChx040FzsecC/2+JFWaF+FxGp628bJjqDL50vkzkRNEy1QlWOxHk5wKFfJvBonQrla/z82oA=="
    },
    "@withshepherd/faker": {
      "version": "5.5.5",
      "resolved": "https://registry.npmjs.org/@withshepherd/faker/-/faker-5.5.5.tgz",
      "integrity": "sha512-JgWi87zb13lrQxBc4A5my60mrZhGFgB6ixaQ1Tz2CBt5eg/6FahQiDFouI/IAW3TtX/Xeoj23AsiehQaUYddcw=="
    },
    "axios": {
      "version": "0.26.1",
      "resolved": "https://registry.npmjs.org/axios/-/axios-0.26.1.tgz",
      "integrity": "sha512-fPwcX4EvnSHuInCMItEhAGnaSEXRBjtzh9fOtsE6E1G6p7vl7edEeZe11QHf18+6+9gR5PbKV/sGKNaD8YaMeA==",
      "requires": {
        "follow-redirects": "^1.14.8"
      }
    },
    "follow-redirects": {
      "version": "1.14.9",
      "resolved": "https://registry.npmjs.org/follow-redirects/-/follow-redirects-1.14.9.tgz",
      "integrity": "sha512-MQDfihBQYMcyy5dhRDJUHcw7lb2Pv/TuE6xP1vyraLukNDHKbDxDNaOE3NbCAdKQApno+GPRyo1YAp89yCjK4w=="
    },
    "typescript": {
      "version": "4.6.2",
      "resolved": "https://registry.npmjs.org/typescript/-/typescript-4.6.2.tgz",
      "integrity": "sha512-HM/hFigTBHZhLXshn9sN37H085+hQGeJHJ/X7LpBWLID/fbc2acUMfU+lGD98X81sKP+pFa9f0DZmCwB9GnbAg==",
      "dev": true
    }
  }
}
